
Microsoft Visual Studio Solution File, Format Version 12.00
Project("{FAE04EC0-301F-11D3-BF4B-00C04F79EFBC}") = "TrainComponentManagement", "TrainComponentManagement\TrainComponentManagement.csproj", "{37E220AD-60A7-497E-B047-57D0EF393D58}"
EndProject
Global
	GlobalSection(SolutionConfigurationPlatforms) = preSolution
		Debug|Any CPU = Debug|Any CPU
		Release|Any CPU = Release|Any CPU
	EndGlobalSection
	GlobalSection(ProjectConfigurationPlatforms) = postSolution
		{37E220AD-60A7-497E-B047-57D0EF393D58}.Debug|Any CPU.ActiveCfg = Debug|Any CPU
		{37E220AD-60A7-497E-B047-57D0EF393D58}.Debug|Any CPU.Build.0 = Debug|Any CPU
		{37E220AD-60A7-497E-B047-57D0EF393D58}.Release|Any CPU.ActiveCfg = Release|Any CPU
		{37E220AD-60A7-497E-B047-57D0EF393D58}.Release|Any CPU.Build.0 = Release|Any CPU
	EndGlobalSection
EndGlobal
